
Microsoft Visual Studio Solution File, Format Version 12.00
# Visual Studio Version 17
VisualStudioVersion = 17.3.32922.545
MinimumVisualStudioVersion = 10.0.40219.1
Project("{9A19103F-16F7-4668-BE54-9A1E7A4F7556}") = "BWBlazorApp", "BWBlazorApp\BWBlazorApp.csproj", "{C651A9EE-0C5C-4E43-BD39-74137EC605DC}"
EndProject
Project("{9A19103F-16F7-4668-BE54-9A1E7A4F7556}") = "BWBlazorAdmin", "BWBlazorAdmin\BWBlazorAdmin.csproj", "{9A61D2B7-0ADC-4DB0-A631-11978195CFB0}"
EndProject
Project("{00D1A9C2-B5F0-4AF3-8072-F6C62B433612}") = "BWBlazorDB", "BWBlazorDB\BWBlazorDB.sqlproj", "{8700CE03-8662-4A50-9DC4-6D7532388E6F}"
EndProject
Project("{9A19103F-16F7-4668-BE54-9A1E7A4F7556}") = "BWBlazorShared", "BWBlazorShared\BWBlazorShared.csproj", "{1AE0C465-5B2E-4A14-BF01-3F4D977CE529}"
EndProject
Project("{9A19103F-16F7-4668-BE54-9A1E7A4F7556}") = "BWBlazorShared.Tests", "BWBlazorShared.Tests\BWBlazorShared.Tests.csproj", "{3B59259B-EDA6-4FB9-B5C8-4D41991BABD4}"
EndProject
Project("{9A19103F-16F7-4668-BE54-9A1E7A4F7556}") = "BWBlazorAPIs", "BWBlazorAPIs\BWBlazorAPIs.csproj", "{719CD4AB-F14F-4327-A941-B349B3A810E1}"
EndProject
Project("{9A19103F-16F7-4668-BE54-9A1E7A4F7556}") = "BWBlazorSSO", "BWBlazorSSO\BWBlazorSSO.csproj", "{7A9CF24C-1D20-4A68-A791-9A94ECC881B9}"
EndProject
Project("{2150E333-8FDC-42A3-9474-1A3956D46DE8}") = "BWBlazor", "BWBlazor", "{6C44036F-F7C1-4900-9D48-7F144067C2B7}"
EndProject
Project("{2150E333-8FDC-42A3-9474-1A3956D46DE8}") = "VideoApp", "VideoApp", "{26E44AFE-FCB2-4031-B4F6-B75AD476099D}"
EndProject
Project("{9A19103F-16F7-4668-BE54-9A1E7A4F7556}") = "VideoAppCore", "VideoAppCore\VideoAppCore.csproj", "{FEE6496B-1AC8-4C74-BE2F-EC75CFB55038}"
EndProject
Project("{00D1A9C2-B5F0-4AF3-8072-F6C62B433612}") = "VideoAppCore.Database", "VideoAppCore.Database\VideoAppCore.Database.sqlproj", "{9A54A5A1-7D02-4FD5-AC8A-44A1CB854183}"
EndProject
Project("{9A19103F-16F7-4668-BE54-9A1E7A4F7556}") = "VideoAppCore.Models", "VideoAppCore.Models\VideoAppCore.Models.csproj", "{33E8B852-E777-4F39-958F-72D42B40B710}"
EndProject
Global
	GlobalSection(SolutionConfigurationPlatforms) = preSolution
		Debug|Any CPU = Debug|Any CPU
		Release|Any CPU = Release|Any CPU
	EndGlobalSection
	GlobalSection(ProjectConfigurationPlatforms) = postSolution
		{C651A9EE-0C5C-4E43-BD39-74137EC605DC}.Debug|Any CPU.ActiveCfg = Debug|Any CPU
		{C651A9EE-0C5C-4E43-BD39-74137EC605DC}.Debug|Any CPU.Build.0 = Debug|Any CPU
		{C651A9EE-0C5C-4E43-BD39-74137EC605DC}.Release|Any CPU.ActiveCfg = Release|Any CPU
		{C651A9EE-0C5C-4E43-BD39-74137EC605DC}.Release|Any CPU.Build.0 = Release|Any CPU
		{9A61D2B7-0ADC-4DB0-A631-11978195CFB0}.Debug|Any CPU.ActiveCfg = Debug|Any CPU
		{9A61D2B7-0ADC-4DB0-A631-11978195CFB0}.Debug|Any CPU.Build.0 = Debug|Any CPU
		{9A61D2B7-0ADC-4DB0-A631-11978195CFB0}.Release|Any CPU.ActiveCfg = Release|Any CPU
		{9A61D2B7-0ADC-4DB0-A631-11978195CFB0}.Release|Any CPU.Build.0 = Release|Any CPU
		{8700CE03-8662-4A50-9DC4-6D7532388E6F}.Debug|Any CPU.ActiveCfg = Debug|Any CPU
		{8700CE03-8662-4A50-9DC4-6D7532388E6F}.Debug|Any CPU.Build.0 = Debug|Any CPU
		{8700CE03-8662-4A50-9DC4-6D7532388E6F}.Debug|Any CPU.Deploy.0 = Debug|Any CPU
		{8700CE03-8662-4A50-9DC4-6D7532388E6F}.Release|Any CPU.ActiveCfg = Release|Any CPU
		{8700CE03-8662-4A50-9DC4-6D7532388E6F}.Release|Any CPU.Build.0 = Release|Any CPU
		{8700CE03-8662-4A50-9DC4-6D7532388E6F}.Release|Any CPU.Deploy.0 = Release|Any CPU
		{1AE0C465-5B2E-4A14-BF01-3F4D977CE529}.Debug|Any CPU.ActiveCfg = Debug|Any CPU
		{1AE0C465-5B2E-4A14-BF01-3F4D977CE529}.Debug|Any CPU.Build.0 = Debug|Any CPU
		{1AE0C465-5B2E-4A14-BF01-3F4D977CE529}.Release|Any CPU.ActiveCfg = Release|Any CPU
		{1AE0C465-5B2E-4A14-BF01-3F4D977CE529}.Release|Any CPU.Build.0 = Release|Any CPU
		{3B59259B-EDA6-4FB9-B5C8-4D41991BABD4}.Debug|Any CPU.ActiveCfg = Debug|Any CPU
		{3B59259B-EDA6-4FB9-B5C8-4D41991BABD4}.Debug|Any CPU.Build.0 = Debug|Any CPU
		{3B59259B-EDA6-4FB9-B5C8-4D41991BABD4}.Release|Any CPU.ActiveCfg = Release|Any CPU
		{3B59259B-EDA6-4FB9-B5C8-4D41991BABD4}.Release|Any CPU.Build.0 = Release|Any CPU
		{719CD4AB-F14F-4327-A941-B349B3A810E1}.Debug|Any CPU.ActiveCfg = Debug|Any CPU
		{719CD4AB-F14F-4327-A941-B349B3A810E1}.Debug|Any CPU.Build.0 = Debug|Any CPU
		{719CD4AB-F14F-4327-A941-B349B3A810E1}.Release|Any CPU.ActiveCfg = Release|Any CPU
		{719CD4AB-F14F-4327-A941-B349B3A810E1}.Release|Any CPU.Build.0 = Release|Any CPU
		{7A9CF24C-1D20-4A68-A791-9A94ECC881B9}.Debug|Any CPU.ActiveCfg = Debug|Any CPU
		{7A9CF24C-1D20-4A68-A791-9A94ECC881B9}.Debug|Any CPU.Build.0 = Debug|Any CPU
		{7A9CF24C-1D20-4A68-A791-9A94ECC881B9}.Release|Any CPU.ActiveCfg = Release|Any CPU
		{7A9CF24C-1D20-4A68-A791-9A94ECC881B9}.Release|Any CPU.Build.0 = Release|Any CPU
		{FEE6496B-1AC8-4C74-BE2F-EC75CFB55038}.Debug|Any CPU.ActiveCfg = Debug|Any CPU
		{FEE6496B-1AC8-4C74-BE2F-EC75CFB55038}.Debug|Any CPU.Build.0 = Debug|Any CPU
		{FEE6496B-1AC8-4C74-BE2F-EC75CFB55038}.Release|Any CPU.ActiveCfg = Release|Any CPU
		{FEE6496B-1AC8-4C74-BE2F-EC75CFB55038}.Release|Any CPU.Build.0 = Release|Any CPU
		{9A54A5A1-7D02-4FD5-AC8A-44A1CB854183}.Debug|Any CPU.ActiveCfg = Debug|Any CPU
		{9A54A5A1-7D02-4FD5-AC8A-44A1CB854183}.Debug|Any CPU.Build.0 = Debug|Any CPU
		{9A54A5A1-7D02-4FD5-AC8A-44A1CB854183}.Debug|Any CPU.Deploy.0 = Debug|Any CPU
		{9A54A5A1-7D02-4FD5-AC8A-44A1CB854183}.Release|Any CPU.ActiveCfg = Release|Any CPU
		{9A54A5A1-7D02-4FD5-AC8A-44A1CB854183}.Release|Any CPU.Build.0 = Release|Any CPU
		{9A54A5A1-7D02-4FD5-AC8A-44A1CB854183}.Release|Any CPU.Deploy.0 = Release|Any CPU
		{33E8B852-E777-4F39-958F-72D42B40B710}.Debug|Any CPU.ActiveCfg = Debug|Any CPU
		{33E8B852-E777-4F39-958F-72D42B40B710}.Debug|Any CPU.Build.0 = Debug|Any CPU
		{33E8B852-E777-4F39-958F-72D42B40B710}.Release|Any CPU.ActiveCfg = Release|Any CPU
		{33E8B852-E777-4F39-958F-72D42B40B710}.Release|Any CPU.Build.0 = Release|Any CPU
	EndGlobalSection
	GlobalSection(SolutionProperties) = preSolution
		HideSolutionNode = FALSE
	EndGlobalSection
	GlobalSection(NestedProjects) = preSolution
		{C651A9EE-0C5C-4E43-BD39-74137EC605DC} = {6C44036F-F7C1-4900-9D48-7F144067C2B7}
		{9A61D2B7-0ADC-4DB0-A631-11978195CFB0} = {6C44036F-F7C1-4900-9D48-7F144067C2B7}
		{8700CE03-8662-4A50-9DC4-6D7532388E6F} = {6C44036F-F7C1-4900-9D48-7F144067C2B7}
		{1AE0C465-5B2E-4A14-BF01-3F4D977CE529} = {6C44036F-F7C1-4900-9D48-7F144067C2B7}
		{3B59259B-EDA6-4FB9-B5C8-4D41991BABD4} = {6C44036F-F7C1-4900-9D48-7F144067C2B7}
		{719CD4AB-F14F-4327-A941-B349B3A810E1} = {6C44036F-F7C1-4900-9D48-7F144067C2B7}
		{7A9CF24C-1D20-4A68-A791-9A94ECC881B9} = {6C44036F-F7C1-4900-9D48-7F144067C2B7}
		{FEE6496B-1AC8-4C74-BE2F-EC75CFB55038} = {26E44AFE-FCB2-4031-B4F6-B75AD476099D}
		{9A54A5A1-7D02-4FD5-AC8A-44A1CB854183} = {26E44AFE-FCB2-4031-B4F6-B75AD476099D}
		{33E8B852-E777-4F39-958F-72D42B40B710} = {26E44AFE-FCB2-4031-B4F6-B75AD476099D}
	EndGlobalSection
	GlobalSection(ExtensibilityGlobals) = postSolution
		SolutionGuid = {8C828790-4660-411D-89BA-1D967343C32B}
	EndGlobalSection
EndGlobal
